
Microsoft Visual Studio Solution File, Format Version 12.00
# Visual Studio Version 17
VisualStudioVersion = 17.0.32112.339
MinimumVisualStudioVersion = 10.0.40219.1
Project("{FAE04EC0-301F-11D3-BF4B-00C04F79EFBC}") = "Presentacion", "Presentacion\Presentacion.csproj", "{68F358B8-AF48-4326-B5E6-BE0BDAC1EAF3}"
EndProject
Project("{FAE04EC0-301F-11D3-BF4B-00C04F79EFBC}") = "Negocio", "Negocio\Negocio.csproj", "{39090551-4822-44FD-ACD7-8575A3EA7DCD}"
EndProject
Project("{FAE04EC0-301F-11D3-BF4B-00C04F79EFBC}") = "Datos", "Datos\Datos.csproj", "{48349CB6-8334-414B-9439-A6392BD30EC3}"
EndProject
Global
	GlobalSection(SolutionConfigurationPlatforms) = preSolution
		Debug|Any CPU = Debug|Any CPU
		Release|Any CPU = Release|Any CPU
	EndGlobalSection
	GlobalSection(ProjectConfigurationPlatforms) = postSolution
		{68F358B8-AF48-4326-B5E6-BE0BDAC1EAF3}.Debug|Any CPU.ActiveCfg = Debug|Any CPU
		{68F358B8-AF48-4326-B5E6-BE0BDAC1EAF3}.Debug|Any CPU.Build.0 = Debug|Any CPU
		{68F358B8-AF48-4326-B5E6-BE0BDAC1EAF3}.Release|Any CPU.ActiveCfg = Release|Any CPU
		{68F358B8-AF48-4326-B5E6-BE0BDAC1EAF3}.Release|Any CPU.Build.0 = Release|Any CPU
		{39090551-4822-44FD-ACD7-8575A3EA7DCD}.Debug|Any CPU.ActiveCfg = Debug|Any CPU
		{39090551-4822-44FD-ACD7-8575A3EA7DCD}.Debug|Any CPU.Build.0 = Debug|Any CPU
		{39090551-4822-44FD-ACD7-8575A3EA7DCD}.Release|Any CPU.ActiveCfg = Release|Any CPU
		{39090551-4822-44FD-ACD7-8575A3EA7DCD}.Release|Any CPU.Build.0 = Release|Any CPU
		{48349CB6-8334-414B-9439-A6392BD30EC3}.Debug|Any CPU.ActiveCfg = Debug|Any CPU
		{48349CB6-8334-414B-9439-A6392BD30EC3}.Debug|Any CPU.Build.0 = Debug|Any CPU
		{48349CB6-8334-414B-9439-A6392BD30EC3}.Release|Any CPU.ActiveCfg = Release|Any CPU
		{48349CB6-8334-414B-9439-A6392BD30EC3}.Release|Any CPU.Build.0 = Release|Any CPU
	EndGlobalSection
	GlobalSection(SolutionProperties) = preSolution
		HideSolutionNode = FALSE
	EndGlobalSection
	GlobalSection(ExtensibilityGlobals) = postSolution
		SolutionGuid = {CEB1D35B-52BA-43F8-B024-DC0B7D7D32B2}
	EndGlobalSection
EndGlobal
